{
  "name": "rule-engine",
  "lockfileVersion": 3,
  "requires": true,
  "packages": {
    "": {
      "dependencies": {
        "@anthropic-ai/claude-code": "^2.1.177",
        "@openai/codex": "^0.139.0"
      }
    },
    "node_modules/@anthropic-ai/claude-code": {
      "version": "2.1.177",
      "resolved": "https://registry.npmmirror.com/@anthropic-ai/claude-code/-/claude-code-2.1.177.tgz",
      "integrity": "sha512-pbBlT4O36j60k7Zd1aPQlVU1HFFpvFaTTnrsWLAVKdIHK/EcLjVjE/qY8kz9/e62XerK/UhJrZ8GsLaBNQ+6Mw==",
      "hasInstallScript": true,
      "license": "SEE LICENSE IN README.md",
      "bin": {
        "claude": "bin/claude.exe"
      },
      "engines": {
        "node": ">=18.0.0"
      },
      "optionalDependencies": {
        "@anthropic-ai/claude-code-darwin-arm64": "2.1.177",
        "@anthropic-ai/claude-code-darwin-x64": "2.1.177",
        "@anthropic-ai/claude-code-linux-arm64": "2.1.177",
        "@anthropic-ai/claude-code-linux-arm64-musl": "2.1.177",
        "@anthropic-ai/claude-code-linux-x64": "2.1.177",
        "@anthropic-ai/claude-code-linux-x64-musl": "2.1.177",
        "@anthropic-ai/claude-code-win32-arm64": "2.1.177",
        "@anthropic-ai/claude-code-win32-x64": "2.1.177"
      }
    },
    "node_modules/@anthropic-ai/claude-code-darwin-arm64": {
      "version": "2.1.177",
      "resolved": "https://registry.npmmirror.com/@anthropic-ai/claude-code-darwin-arm64/-/claude-code-darwin-arm64-2.1.177.tgz",
      "integrity": "sha512-Fr8x9bK7tPqwdh3ThrxH8k/SNEtBbPp2nuBaeZvqboWx/WJxssYzX4aYMOSKqfPQ9CpV7AfNehF3EhVNgd3KTw==",
      "cpu": [
        "arm64"
      ],
      "license": "SEE LICENSE IN LICENSE.md",
      "optional": true,
      "os": [
        "darwin"
      ]
    },
    "node_modules/@anthropic-ai/claude-code-darwin-x64": {
      "version": "2.1.177",
      "resolved": "https://registry.npmmirror.com/@anthropic-ai/claude-code-darwin-x64/-/claude-code-darwin-x64-2.1.177.tgz",
      "integrity": "sha512-5XqqrdSdMmOD88Jqla6+Y3GKoun7M1pvfTYAYTUFadvv8guqo895INf6MnUFeADOE+U6v015r4gX443xc02uGw==",
      "cpu": [
        "x64"
      ],
      "license": "SEE LICENSE IN LICENSE.md",
      "optional": true,
      "os": [
        "darwin"
      ]
    },
    "node_modules/@anthropic-ai/claude-code-linux-arm64": {
      "version": "2.1.177",
      "resolved": "https://registry.npmmirror.com/@anthropic-ai/claude-code-linux-arm64/-/claude-code-linux-arm64-2.1.177.tgz",
      "integrity": "sha512-qb0K+/xwaZFz9spBUcDX3vNgEFTSNdbDze8AOpU4R9weVrwBY9zAO/OPqxC9qNhb5ZIRnJAZLKiICEeEUHowzA==",
      "cpu": [
        "arm64"
      ],
      "libc": [
        "glibc"
      ],
      "license": "SEE LICENSE IN LICENSE.md",
      "optional": true,
      "os": [
        "linux"
      ]
    },
    "node_modules/@anthropic-ai/claude-code-linux-arm64-musl": {
      "version": "2.1.177",
      "resolved": "https://registry.npmmirror.com/@anthropic-ai/claude-code-linux-arm64-musl/-/claude-code-linux-arm64-musl-2.1.177.tgz",
      "integrity": "sha512-cOxWAd0ROXV2RjPjaHrErzDL98Lwfix4Ury567Hm0lh00nw4okXb5WGk+Ak09hkwc2cAOmKlYRL7SAvssG9cDA==",
      "cpu": [
        "arm64"
      ],
      "libc": [
        "musl"
      ],
      "license": "SEE LICENSE IN LICENSE.md",
      "optional": true,
      "os": [
        "linux"
      ]
    },
    "node_modules/@anthropic-ai/claude-code-linux-x64": {
      "version": "2.1.177",
      "resolved": "https://registry.npmmirror.com/@anthropic-ai/claude-code-linux-x64/-/claude-code-linux-x64-2.1.177.tgz",
      "integrity": "sha512-syChhLEXI82sld9V3QN8+IkgQy6dtScWmlMVvV2wSlG5/Zjl8UyB+ARoCcsnFCZ6dK9OzjT9TInQovrkt2ZsYw==",
      "cpu": [
        "x64"
      ],
      "libc": [
        "glibc"
      ],
      "license": "SEE LICENSE IN LICENSE.md",
      "optional": true,
      "os": [
        "linux"
      ]
    },
    "node_modules/@anthropic-ai/claude-code-linux-x64-musl": {
      "version": "2.1.177",
      "resolved": "https://registry.npmmirror.com/@anthropic-ai/claude-code-linux-x64-musl/-/claude-code-linux-x64-musl-2.1.177.tgz",
      "integrity": "sha512-sxP4VyF0mEeMtlnOBicg7fRAv8eljorpQzKEalNu5Q2kLOoOV62GO6A1dgrpVwyfMMweJjea0bBYqIMlR27mmQ==",
      "cpu": [
        "x64"
      ],
      "libc": [
        "musl"
      ],
      "license": "SEE LICENSE IN LICENSE.md",
      "optional": true,
      "os": [
        "linux"
      ]
    },
    "node_modules/@anthropic-ai/claude-code-win32-arm64": {
      "version": "2.1.177",
      "resolved": "https://registry.npmmirror.com/@anthropic-ai/claude-code-win32-arm64/-/claude-code-win32-arm64-2.1.177.tgz",
      "integrity": "sha512-5vZlPcOsDARW9gK1RNZhRUevhCop1K5wFt/SvnXX+QVWC4fMfq/Kpug1SGaRewrvZjOMfstN9jvF+TqvHuHHfQ==",
      "cpu": [
        "arm64"
      ],
      "license": "SEE LICENSE IN LICENSE.md",
      "optional": true,
      "os": [
        "win32"
      ]
    },
    "node_modules/@anthropic-ai/claude-code-win32-x64": {
      "version": "2.1.177",
      "resolved": "https://registry.npmmirror.com/@anthropic-ai/claude-code-win32-x64/-/claude-code-win32-x64-2.1.177.tgz",
      "integrity": "sha512-tIAQI5OO5pA2SRQaA55CdIKXQpKkoXHZ6ll/xkTpaz+183ZnVuTCTWz6MbT6Yzyf9kwwsr3Ma1dzgZVFl/LNpw==",
      "cpu": [
        "x64"
      ],
      "license": "SEE LICENSE IN LICENSE.md",
      "optional": true,
      "os": [
        "win32"
      ]
    },
    "node_modules/@openai/codex": {
      "version": "0.139.0",
      "resolved": "https://registry.npmmirror.com/@openai/codex/-/codex-0.139.0.tgz",
      "integrity": "sha512-wr2fRE+fzW0CjEbfFsLh1ftarVEcw0CMLWS7QyA0nyOz5qacQPVq3cq2+/U7oEbwm1TOqoi0Fm1nxniB5FkpmA==",
      "license": "Apache-2.0",
      "bin": {
        "codex": "bin/codex.js"
      },
      "engines": {
        "node": ">=16"
      },
      "optionalDependencies": {
        "@openai/codex-darwin-arm64": "npm:@openai/codex@0.139.0-darwin-arm64",
        "@openai/codex-darwin-x64": "npm:@openai/codex@0.139.0-darwin-x64",
        "@openai/codex-linux-arm64": "npm:@openai/codex@0.139.0-linux-arm64",
        "@openai/codex-linux-x64": "npm:@openai/codex@0.139.0-linux-x64",
        "@openai/codex-win32-arm64": "npm:@openai/codex@0.139.0-win32-arm64",
        "@openai/codex-win32-x64": "npm:@openai/codex@0.139.0-win32-x64"
      }
    },
    "node_modules/@openai/codex-darwin-arm64": {
      "name": "@openai/codex",
      "version": "0.139.0-darwin-arm64",
      "resolved": "https://registry.npmmirror.com/@openai/codex/-/codex-0.139.0-darwin-arm64.tgz",
      "integrity": "sha512-o+0ZKWwgDFMMLO7rwinzO0PQsgK+Vme1pMN2GeAxsX29ZgGZcyPICfpJbeGSUO1mb2a36Skjx6nfdRnxMY0r7w==",
      "cpu": [
        "arm64"
      ],
      "license": "Apache-2.0",
      "optional": true,
      "os": [
        "darwin"
      ],
      "engines": {
        "node": ">=16"
      }
    },
    "node_modules/@openai/codex-darwin-x64": {
      "name": "@openai/codex",
      "version": "0.139.0-darwin-x64",
      "resolved": "https://registry.npmmirror.com/@openai/codex/-/codex-0.139.0-darwin-x64.tgz",
      "integrity": "sha512-9gkBWzu6DB2rqU4DbpxD3DE5bofGpsK46Lp0h0I+bKWc2IIcxvSi8K2utKmBLoJCbKrn4JQu7dFNGRqEfENung==",
      "cpu": [
        "x64"
      ],
      "license": "Apache-2.0",
      "optional": true,
      "os": [
        "darwin"
      ],
      "engines": {
        "node": ">=16"
      }
    },
    "node_modules/@openai/codex-linux-arm64": {
      "name": "@openai/codex",
      "version": "0.139.0-linux-arm64",
      "resolved": "https://registry.npmmirror.com/@openai/codex/-/codex-0.139.0-linux-arm64.tgz",
      "integrity": "sha512-tBQE5lZciRHeWZGuURgjP9S717MvTIpQMc593+DNxY2LQxozkngOkzFSQd1+/UmQKGrCqdFLu5irIwPXpSZyEw==",
      "cpu": [
        "arm64"
      ],
      "license": "Apache-2.0",
      "optional": true,
      "os": [
        "linux"
      ],
      "engines": {
        "node": ">=16"
      }
    },
    "node_modules/@openai/codex-linux-x64": {
      "name": "@openai/codex",
      "version": "0.139.0-linux-x64",
      "resolved": "https://registry.npmmirror.com/@openai/codex/-/codex-0.139.0-linux-x64.tgz",
      "integrity": "sha512-14UgzDS+X4crkvdt6S02A/ZZOrS8ZyWiuTRpguCtnhNamb7unSuDxy86BWgpAl3sqiTaN2CP8VLyp2ohQ8Nbzw==",
      "cpu": [
        "x64"
      ],
      "license": "Apache-2.0",
      "optional": true,
      "os": [
        "linux"
      ],
      "engines": {
        "node": ">=16"
      }
    },
    "node_modules/@openai/codex-win32-arm64": {
      "name": "@openai/codex",
      "version": "0.139.0-win32-arm64",
      "resolved": "https://registry.npmmirror.com/@openai/codex/-/codex-0.139.0-win32-arm64.tgz",
      "integrity": "sha512-nlwRjsYotH1Rtqu/Q0VwQbIeO2UX1mkHK84Ov9qn/hl29QqqoBtno0tRyqIPbkXFIVQuWiAYXlV3ugLwH5fTrQ==",
      "cpu": [
        "arm64"
      ],
      "license": "Apache-2.0",
      "optional": true,
      "os": [
        "win32"
      ],
      "engines": {
        "node": ">=16"
      }
    },
    "node_modules/@openai/codex-win32-x64": {
      "name": "@openai/codex",
      "version": "0.139.0-win32-x64",
      "resolved": "https://registry.npmmirror.com/@openai/codex/-/codex-0.139.0-win32-x64.tgz",
      "integrity": "sha512-lQrVLNz+90wdvWVNFDvCkHQRiAK9ZllmkTka3c8eqSDqdJk35Gpgppfv9Xtw5M2ZBtTq0sBdWBiCMyzGDBSpmQ==",
      "cpu": [
        "x64"
      ],
      "license": "Apache-2.0",
      "optional": true,
      "os": [
        "win32"
      ],
      "engines": {
        "node": ">=16"
      }
    }
  }
}
